{
    "name": "web",
    "lockfileVersion": 3,
    "requires": true,
    "packages": {
        "": {
            "dependencies": {
                "create-wasm-app": "file:c:\\Program Files\\nodejs\\node_modules\\create-wasm-app",
                "food-generator2-wasm": "file:./pkg"
            }
        },
        "c:/Program Files/nodejs/node_modules/create-wasm-app": {
            "version": "0.1.0",
            "license": "(MIT OR Apache-2.0)",
            "bin": {
                "create-wasm-app": ".bin/create-wasm-app.js"
            },
            "devDependencies": {
                "copy-webpack-plugin": "^4.5.2",
                "hello-wasm-pack": "^0.1.0",
                "webpack": "^4.16.3",
                "webpack-cli": "^3.1.0",
                "webpack-dev-server": "^3.1.5"
            }
        },
        "node_modules/create-wasm-app": {
            "resolved": "c:/Program Files/nodejs/node_modules/create-wasm-app",
            "link": true
        },
        "node_modules/food-generator2-wasm": {
            "resolved": "pkg",
            "link": true
        },
        "pkg": {
            "name": "food-generator2-web",
            "version": "0.1.0"
        }
    }
}
